schema: '2.0'
stages:
  dataIngestion:
    cmd: python src/dataIngestion.py
    deps:
    - path: src/dataIngestion.py
      hash: md5
      md5: b3b670d2d4a382ad6f88a71fcef6e38b
      size: 4265
    params:
      params.yaml:
        dataIngestion.test_size: 0.3
    outs:
    - path: data/initial
      hash: md5
      md5: ccc9931d49fac5166053e03c95d3917e.dir
      size: 443700
      nfiles: 2
  dataPreprocessing:
    cmd: python src/dataPreprocessing.py
    deps:
    - path: data/initial
      hash: md5
      md5: ccc9931d49fac5166053e03c95d3917e.dir
      size: 443700
      nfiles: 2
    - path: src/dataPreprocessing.py
      hash: md5
      md5: 6d951a56a2aaa63bc3f109cf0c22ccfa
      size: 3902
    outs:
    - path: data/interim
      hash: md5
      md5: 5d652892454a07a4f45d1d5cd560e4b5.dir
      size: 254243
      nfiles: 2
  featureEngineering:
    cmd: python src/featureEngineering.py
    deps:
    - path: data/interim
      hash: md5
      md5: 5d652892454a07a4f45d1d5cd560e4b5.dir
      size: 254243
      nfiles: 2
    - path: src/featureEngineering.py
      hash: md5
      md5: 9375eb0a0051b3c5f842525fce0462dd
      size: 3829
    params:
      params.yaml:
        featureEngineering.max_features: 30
    outs:
    - path: data/processed
      hash: md5
      md5: 0db67ce0c5b246e79a1c523b9a17b920.dir
      size: 706073
      nfiles: 2
  modelBuilding:
    cmd: python src/modelBuilding.py
    deps:
    - path: data/processed
      hash: md5
      md5: 0db67ce0c5b246e79a1c523b9a17b920.dir
      size: 706073
      nfiles: 2
    - path: src/modelBuilding.py
      hash: md5
      md5: 7d701fe83476e02655dba4f2f7a418ee
      size: 3777
    params:
      params.yaml:
        modelBuilding.n_estimators: 27
        modelBuilding.random_state: 2
    outs:
    - path: models/model.pkl
      hash: md5
      md5: 6e9d210cebb331b1fbc4a06ac3925e90
      size: 696319
  modelEval:
    cmd: python src/modelEval.py
    deps:
    - path: models/model.pkl
      hash: md5
      md5: 6e9d210cebb331b1fbc4a06ac3925e90
      size: 696319
    outs:
    - path: reports/metrics.json
      hash: md5
      md5: f13ae6de21cc47072dad83d4e871f01a
      size: 175
