schema: '2.0'
stages:
  dataIngestion:
    cmd: python src/dataIngestion.py
    deps:
    - path: src/dataIngestion.py
      hash: md5
      md5: 4c5c62b8547d1e07252b51c469133312
      size: 4239
    params:
      params.yaml:
        dataIngestion.test_size: 0.3
    outs:
    - path: data/initial
      hash: md5
      md5: e537eb20baa4d720e7b0a3bd0d2c1211.dir
      size: 468459
      nfiles: 2
  dataPreprocessing:
    cmd: python src/dataPreprocessing.py
    deps:
    - path: data/initial
      hash: md5
      md5: e537eb20baa4d720e7b0a3bd0d2c1211.dir
      size: 468459
      nfiles: 2
    - path: src/dataPreprocessing.py
      hash: md5
      md5: 6d951a56a2aaa63bc3f109cf0c22ccfa
      size: 3902
    outs:
    - path: data/interim
      hash: md5
      md5: 6a25f29f54ecf27b2bf5f5553ac95e00.dir
      size: 279022
      nfiles: 2
  featureEngineering:
    cmd: python src/featureEngineering.py
    deps:
    - path: data/interim
      hash: md5
      md5: 6a25f29f54ecf27b2bf5f5553ac95e00.dir
      size: 279022
      nfiles: 2
    - path: src/featureEngineering.py
      hash: md5
      md5: 243190c4e53c7ef03f2137905432f63c
      size: 3706
    params:
      params.yaml:
        featureEngineering.max_features: 22
    outs:
    - path: data/processed
      hash: md5
      md5: c1f477bbd23f01a604261d7513e49bc9.dir
      size: 523065
      nfiles: 2
  modelBuilding:
    cmd: python src/modelBuilding.py
    deps:
    - path: data/processed
      hash: md5
      md5: c1f477bbd23f01a604261d7513e49bc9.dir
      size: 523065
      nfiles: 2
    - path: src/modelBuilding.py
      hash: md5
      md5: 7d701fe83476e02655dba4f2f7a418ee
      size: 3777
    params:
      params.yaml:
        modelBuilding.n_estimators: 25
        modelBuilding.random_state: 2
    outs:
    - path: models/model.pkl
      hash: md5
      md5: bf15a75cb9c38b23ccb7edb3a928be4a
      size: 579696
  modelEval:
    cmd: python src/modelEval.py
    deps:
    - path: models/model.pkl
      hash: md5
      md5: bf15a75cb9c38b23ccb7edb3a928be4a
      size: 579696
    outs:
    - path: reports/metrics.json
      hash: md5
      md5: 0f846e17f26e3897ec11d3c96647befc
      size: 182
